// !$*UTF8*$!
{
	archiveVersion = 1;
	classes = {
	};
	objectVersion = 56;
	objects = {

/* Begin PBXBuildFile section */
		87D15B172CA2158B00841232 /* desafio2App.swift in Sources */ = {isa = PBXBuildFile; fileRef = 87D15B162CA2158B00841232 /* desafio2App.swift */; };
		87D15B192CA2158B00841232 /* ContentView.swift in Sources */ = {isa = PBXBuildFile; fileRef = 87D15B182CA2158B00841232 /* ContentView.swift */; };
		87D15B1B2CA2158D00841232 /* Assets.xcassets in Resources */ = {isa = PBXBuildFile; fileRef = 87D15B1A2CA2158D00841232 /* Assets.xcassets */; };
		87D15B1E2CA2158D00841232 /* Preview Assets.xcassets in Resources */ = {isa = PBXBuildFile; fileRef = 87D15B1D2CA2158D00841232 /* Preview Assets.xcassets */; };
		87D15B252CA21D4E00841232 /* rosa.swift in Sources */ = {isa = PBXBuildFile; fileRef = 87D15B242CA21D4E00841232 /* rosa.swift */; };
		87D15B272CA21D6B00841232 /* azul.swift in Sources */ = {isa = PBXBuildFile; fileRef = 87D15B262CA21D6B00841232 /* azul.swift */; };
		87D15B292CA21D8400841232 /* cinza.swift in Sources */ = {isa = PBXBuildFile; fileRef = 87D15B282CA21D8400841232 /* cinza.swift */; };
		87D15B2B2CA21D9300841232 /* lista.swift in Sources */ = {isa = PBXBuildFile; fileRef = 87D15B2A2CA21D9300841232 /* lista.swift */; };
/* End PBXBuildFile section */

/* Begin PBXFileReference section */
		87D15B132CA2158B00841232 /* desafio2.app */ = {isa = PBXFileReference; explicitFileType = wrapper.application; includeInIndex = 0; path = desafio2.app; sourceTree = BUILT_PRODUCTS_DIR; };
		87D15B162CA2158B00841232 /* desafio2App.swift */ = {isa = PBXFileReference; lastKnownFileType = sourcecode.swift; path = desafio2App.swift; sourceTree = "<group>"; };
		87D15B182CA2158B00841232 /* ContentView.swift */ = {isa = PBXFileReference; lastKnownFileType = sourcecode.swift; path = ContentView.swift; sourceTree = "<group>"; };
		87D15B1A2CA2158D00841232 /* Assets.xcassets */ = {isa = PBXFileReference; lastKnownFileType = folder.assetcatalog; path = Assets.xcassets; sourceTree = "<group>"; };
		87D15B1D2CA2158D00841232 /* Preview Assets.xcassets */ = {isa = PBXFileReference; lastKnownFileType = folder.assetcatalog; path = "Preview Assets.xcassets"; sourceTree = "<group>"; };
		87D15B242CA21D4E00841232 /* rosa.swift */ = {isa = PBXFileReference; lastKnownFileType = sourcecode.swift; path = rosa.swift; sourceTree = "<group>"; };
		87D15B262CA21D6B00841232 /* azul.swift */ = {isa = PBXFileReference; lastKnownFileType = sourcecode.swift; path = azul.swift; sourceTree = "<group>"; };
		87D15B282CA21D8400841232 /* cinza.swift */ = {isa = PBXFileReference; lastKnownFileType = sourcecode.swift; path = cinza.swift; sourceTree = "<group>"; };
		87D15B2A2CA21D9300841232 /* lista.swift */ = {isa = PBXFileReference; lastKnownFileType = sourcecode.swift; path = lista.swift; sourceTree = "<group>"; };
/* End PBXFileReference section */

/* Begin PBXFrameworksBuildPhase section */
		87D15B102CA2158B00841232 /* Frameworks */ = {
			isa = PBXFrameworksBuildPhase;
			buildActionMask = 2147483647;
			files = (
			);
			runOnlyForDeploymentPostprocessing = 0;
		};
/* End PBXFrameworksBuildPhase section */

/* Begin PBXGroup section */
		87D15B0A2CA2158B00841232 = {
			isa = PBXGroup;
			children = (
				87D15B152CA2158B00841232 /* desafio2 */,
				87D15B142CA2158B00841232 /* Products */,
			);
			sourceTree = "<group>";
		};
		87D15B142CA2158B00841232 /* Products */ = {
			isa = PBXGroup;
			children = (
				87D15B132CA2158B00841232 /* desafio2.app */,
			);
			name = Products;
			sourceTree = "<group>";
		};
		87D15B152CA2158B00841232 /* desafio2 */ = {
			isa = PBXGroup;
			children = (
				87D15B162CA2158B00841232 /* desafio2App.swift */,
				87D15B182CA2158B00841232 /* ContentView.swift */,
				87D15B242CA21D4E00841232 /* rosa.swift */,
				87D15B262CA21D6B00841232 /* azul.swift */,
				87D15B282CA21D8400841232 /* cinza.swift */,
				87D15B2A2CA21D9300841232 /* lista.swift */,
				87D15B1A2CA2158D00841232 /* Assets.xcassets */,
				87D15B1C2CA2158D00841232 /* Preview Content */,
			);
			path = desafio2;
			sourceTree = "<group>";
		};
		87D15B1C2CA2158D00841232 /* Preview Content */ = {
			isa = PBXGroup;
			children = (
				87D15B1D2CA2158D00841232 /* Preview Assets.xcassets */,
			);
			path = "Preview Content";
			sourceTree = "<group>";
		};
/* End PBXGroup section */

/* Begin PBXNativeTarget section */
		87D15B122CA2158B00841232 /* desafio2 */ = {
			isa = PBXNativeTarget;
			buildConfigurationList = 87D15B212CA2158D00841232 /* Build configuration list for PBXNativeTarget "desafio2" */;
			buildPhases = (
				87D15B0F2CA2158B00841232 /* Sources */,
				87D15B102CA2158B00841232 /* Frameworks */,
				87D15B112CA2158B00841232 /* Resources */,
			);
			buildRules = (
			);
			dependencies = (
			);
			name = desafio2;
			productName = desafio2;
			productReference = 87D15B132CA2158B00841232 /* desafio2.app */;
			productType = "com.apple.product-type.application";
		};
/* End PBXNativeTarget section */

/* Begin PBXProject section */
		87D15B0B2CA2158B00841232 /* Project object */ = {
			isa = PBXProject;
			attributes = {
				BuildIndependentTargetsInParallel = 1;
				LastSwiftUpdateCheck = 1540;
				LastUpgradeCheck = 1540;
				TargetAttributes = {
					87D15B122CA2158B00841232 = {
						CreatedOnToolsVersion = 15.4;
					};
				};
			};
			buildConfigurationList = 87D15B0E2CA2158B00841232 /* Build configuration list for PBXProject "desafio2" */;
			compatibilityVersion = "Xcode 14.0";
			developmentRegion = en;
			hasScannedForEncodings = 0;
			knownRegions = (
				en,
				Base,
			);
			mainGroup = 87D15B0A2CA2158B00841232;
			productRefGroup = 87D15B142CA2158B00841232 /* Products */;
			projectDirPath = "";
			projectRoot = "";
			targets = (
				87D15B122CA2158B00841232 /* desafio2 */,
			);
		};
/* End PBXProject section */

/* Begin PBXResourcesBuildPhase section */
		87D15B112CA2158B00841232 /* Resources */ = {
			isa = PBXResourcesBuildPhase;
			buildActionMask = 2147483647;
			files = (
				87D15B1E2CA2158D00841232 /* Preview Assets.xcassets in Resources */,
				87D15B1B2CA2158D00841232 /* Assets.xcassets in Resources */,
			);
			runOnlyForDeploymentPostprocessing = 0;
		};
/* End PBXResourcesBuildPhase section */

/* Begin PBXSourcesBuildPhase section */
		87D15B0F2CA2158B00841232 /* Sources */ = {
			isa = PBXSourcesBuildPhase;
			buildActionMask = 2147483647;
			files = (
				87D15B192CA2158B00841232 /* ContentView.swift in Sources */,
				87D15B272CA21D6B00841232 /* azul.swift in Sources */,
				87D15B252CA21D4E00841232 /* rosa.swift in Sources */,
				87D15B2B2CA21D9300841232 /* lista.swift in Sources */,
				87D15B292CA21D8400841232 /* cinza.swift in Sources */,
				87D15B172CA2158B00841232 /* desafio2App.swift in Sources */,
			);
			runOnlyForDeploymentPostprocessing = 0;
		};
/* End PBXSourcesBuildPhase section */

/* Begin XCBuildConfiguration section */
		87D15B1F2CA2158D00841232 /* Debug */ = {
			isa = XCBuildConfiguration;
			buildSettings = {
				ALWAYS_SEARCH_USER_PATHS = NO;
				ASSETCATALOG_COMPILER_GENERATE_SWIFT_ASSET_SYMBOL_EXTENSIONS = YES;
				CLANG_ANALYZER_NONNULL = YES;
				CLANG_ANALYZER_NUMBER_OBJECT_CONVERSION = YES_AGGRESSIVE;
				CLANG_CXX_LANGUAGE_STANDARD = "gnu++20";
				CLANG_ENABLE_MODULES = YES;
				CLANG_ENABLE_OBJC_ARC = YES;
				CLANG_ENABLE_OBJC_WEAK = YES;
				CLANG_WARN_BLOCK_CAPTURE_AUTORELEASING = YES;
				CLANG_WARN_BOOL_CONVERSION = YES;
				CLANG_WARN_COMMA = YES;
				CLANG_WARN_CONSTANT_CONVERSION = YES;
				CLANG_WARN_DEPRECATED_OBJC_IMPLEMENTATIONS = YES;
				CLANG_WARN_DIRECT_OBJC_ISA_USAGE = YES_ERROR;
				CLANG_WARN_DOCUMENTATION_COMMENTS = YES;
				CLANG_WARN_EMPTY_BODY = YES;
				CLANG_WARN_ENUM_CONVERSION = YES;
				CLANG_WARN_INFINITE_RECURSION = YES;
				CLANG_WARN_INT_CONVERSION = YES;
				CLANG_WARN_NON_LITERAL_NULL_CONVERSION = YES;
				CLANG_WARN_OBJC_IMPLICIT_RETAIN_SELF = YES;
				CLANG_WARN_OBJC_LITERAL_CONVERSION = YES;
				CLANG_WARN_OBJC_ROOT_CLASS = YES_ERROR;
				CLANG_WARN_QUOTED_INCLUDE_IN_FRAMEWORK_HEADER = YES;
				CLANG_WARN_RANGE_LOOP_ANALYSIS = YES;
				CLANG_WARN_STRICT_PROTOTYPES = YES;
				CLANG_WARN_SUSPICIOUS_MOVE = YES;
				CLANG_WARN_UNGUARDED_AVAILABILITY = YES_AGGRESSIVE;
				CLANG_WARN_UNREACHABLE_CODE = YES;
				CLANG_WARN__DUPLICATE_METHOD_MATCH = YES;
				COPY_PHASE_STRIP = NO;
				DEBUG_INFORMATION_FORMAT = dwarf;
				ENABLE_STRICT_OBJC_MSGSEND = YES;
				ENABLE_TESTABILITY = YES;
				ENABLE_USER_SCRIPT_SANDBOXING = YES;
				GCC_C_LANGUAGE_STANDARD = gnu17;
				GCC_DYNAMIC_NO_PIC = NO;
				GCC_NO_COMMON_BLOCKS = YES;
				GCC_OPTIMIZATION_LEVEL = 0;
				GCC_PREPROCESSOR_DEFINITIONS = (
					"DEBUG=1",
					"$(inherited)",
				);
				GCC_WARN_64_TO_32_BIT_CONVERSION = YES;
				GCC_WARN_ABOUT_RETURN_TYPE = YES_ERROR;
				GCC_WARN_UNDECLARED_SELECTOR = YES;
				GCC_WARN_UNINITIALIZED_AUTOS = YES_AGGRESSIVE;
				GCC_WARN_UNUSED_FUNCTION = YES;
				GCC_WARN_UNUSED_VARIABLE = YES;
				IPHONEOS_DEPLOYMENT_TARGET = 17.5;
				LOCALIZATION_PREFERS_STRING_CATALOGS = YES;
				MTL_ENABLE_DEBUG_INFO = INCLUDE_SOURCE;
				MTL_FAST_MATH = YES;
				ONLY_ACTIVE_ARCH = YES;
				SDKROOT = iphoneos;
				SWIFT_ACTIVE_COMPILATION_CONDITIONS = "DEBUG $(inherited)";
				SWIFT_OPTIMIZATION_LEVEL = "-Onone";
			};
			name = Debug;
		};
		87D15B202CA2158D00841232 /* Release */ = {
			isa = XCBuildConfiguration;
			buildSettings = {
				ALWAYS_SEARCH_USER_PATHS = NO;
				ASSETCATALOG_COMPILER_GENERATE_SWIFT_ASSET_SYMBOL_EXTENSIONS = YES;
				CLANG_ANALYZER_NONNULL = YES;
				CLANG_ANALYZER_NUMBER_OBJECT_CONVERSION = YES_AGGRESSIVE;
				CLANG_CXX_LANGUAGE_STANDARD = "gnu++20";
				CLANG_ENABLE_MODULES = YES;
				CLANG_ENABLE_OBJC_ARC = YES;
				CLANG_ENABLE_OBJC_WEAK = YES;
				CLANG_WARN_BLOCK_CAPTURE_AUTORELEASING = YES;
				CLANG_WARN_BOOL_CONVERSION = YES;
				CLANG_WARN_COMMA = YES;
				CLANG_WARN_CONSTANT_CONVERSION = YES;
				CLANG_WARN_DEPRECATED_OBJC_IMPLEMENTATIONS = YES;
				CLANG_WARN_DIRECT_OBJC_ISA_USAGE = YES_ERROR;
				CLANG_WARN_DOCUMENTATION_COMMENTS = YES;
				CLANG_WARN_EMPTY_BODY = YES;
				CLANG_WARN_ENUM_CONVERSION = YES;
				CLANG_WARN_INFINITE_RECURSION = YES;
				CLANG_WARN_INT_CONVERSION = YES;
				CLANG_WARN_NON_LITERAL_NULL_CONVERSION = YES;
				CLANG_WARN_OBJC_IMPLICIT_RETAIN_SELF = YES;
				CLANG_WARN_OBJC_LITERAL_CONVERSION = YES;
				CLANG_WARN_OBJC_ROOT_CLASS = YES_ERROR;
				CLANG_WARN_QUOTED_INCLUDE_IN_FRAMEWORK_HEADER = YES;
				CLANG_WARN_RANGE_LOOP_ANALYSIS = YES;
				CLANG_WARN_STRICT_PROTOTYPES = YES;
				CLANG_WARN_SUSPICIOUS_MOVE = YES;
				CLANG_WARN_UNGUARDED_AVAILABILITY = YES_AGGRESSIVE;
				CLANG_WARN_UNREACHABLE_CODE = YES;
				CLANG_WARN__DUPLICATE_METHOD_MATCH = YES;
				COPY_PHASE_STRIP = NO;
				DEBUG_INFORMATION_FORMAT = "dwarf-with-dsym";
				ENABLE_NS_ASSERTIONS = NO;
				ENABLE_STRICT_OBJC_MSGSEND = YES;
				ENABLE_USER_SCRIPT_SANDBOXING = YES;
				GCC_C_LANGUAGE_STANDARD = gnu17;
				GCC_NO_COMMON_BLOCKS = YES;
				GCC_WARN_64_TO_32_BIT_CONVERSION = YES;
				GCC_WARN_ABOUT_RETURN_TYPE = YES_ERROR;
				GCC_WARN_UNDECLARED_SELECTOR = YES;
				GCC_WARN_UNINITIALIZED_AUTOS = YES_AGGRESSIVE;
				GCC_WARN_UNUSED_FUNCTION = YES;
				GCC_WARN_UNUSED_VARIABLE = YES;
				IPHONEOS_DEPLOYMENT_TARGET = 17.5;
				LOCALIZATION_PREFERS_STRING_CATALOGS = YES;
				MTL_ENABLE_DEBUG_INFO = NO;
				MTL_FAST_MATH = YES;
				SDKROOT = iphoneos;
				SWIFT_COMPILATION_MODE = wholemodule;
				VALIDATE_PRODUCT = YES;
			};
			name = Release;
		};
		87D15B222CA2158D00841232 /* Debug */ = {
			isa = XCBuildConfiguration;
			buildSettings = {
				ASSETCATALOG_COMPILER_APPICON_NAME = AppIcon;
				ASSETCATALOG_COMPILER_GLOBAL_ACCENT_COLOR_NAME = AccentColor;
				CODE_SIGN_STYLE = Automatic;
				CURRENT_PROJECT_VERSION = 1;
				DEVELOPMENT_ASSET_PATHS = "\"desafio2/Preview Content\"";
				ENABLE_PREVIEWS = YES;
				GENERATE_INFOPLIST_FILE = YES;
				INFOPLIST_KEY_UIApplicationSceneManifest_Generation = YES;
				INFOPLIST_KEY_UIApplicationSupportsIndirectInputEvents = YES;
				INFOPLIST_KEY_UILaunchScreen_Generation = YES;
				INFOPLIST_KEY_UISupportedInterfaceOrientations_iPad = "UIInterfaceOrientationPortrait UIInterfaceOrientationPortraitUpsideDown UIInterfaceOrientationLandscapeLeft UIInterfaceOrientationLandscapeRight";
				INFOPLIST_KEY_UISupportedInterfaceOrientations_iPhone = "UIInterfaceOrientationPortrait UIInterfaceOrientationLandscapeLeft UIInterfaceOrientationLandscapeRight";
				LD_RUNPATH_SEARCH_PATHS = (
					"$(inherited)",
					"@executable_path/Frameworks",
				);
				MARKETING_VERSION = 1.0;
				PRODUCT_BUNDLE_IDENTIFIER = raimundo.desafio2;
				PRODUCT_NAME = "$(TARGET_NAME)";
				SWIFT_EMIT_LOC_STRINGS = YES;
				SWIFT_VERSION = 5.0;
				TARGETED_DEVICE_FAMILY = "1,2";
			};
			name = Debug;
		};
		87D15B232CA2158D00841232 /* Release */ = {
			isa = XCBuildConfiguration;
			buildSettings = {
				ASSETCATALOG_COMPILER_APPICON_NAME = AppIcon;
				ASSETCATALOG_COMPILER_GLOBAL_ACCENT_COLOR_NAME = AccentColor;
				CODE_SIGN_STYLE = Automatic;
				CURRENT_PROJECT_VERSION = 1;
				DEVELOPMENT_ASSET_PATHS = "\"desafio2/Preview Content\"";
				ENABLE_PREVIEWS = YES;
				GENERATE_INFOPLIST_FILE = YES;
				INFOPLIST_KEY_UIApplicationSceneManifest_Generation = YES;
				INFOPLIST_KEY_UIApplicationSupportsIndirectInputEvents = YES;
				INFOPLIST_KEY_UILaunchScreen_Generation = YES;
				INFOPLIST_KEY_UISupportedInterfaceOrientations_iPad = "UIInterfaceOrientationPortrait UIInterfaceOrientationPortraitUpsideDown UIInterfaceOrientationLandscapeLeft UIInterfaceOrientationLandscapeRight";
				INFOPLIST_KEY_UISupportedInterfaceOrientations_iPhone = "UIInterfaceOrientationPortrait UIInterfaceOrientationLandscapeLeft UIInterfaceOrientationLandscapeRight";
				LD_RUNPATH_SEARCH_PATHS = (
					"$(inherited)",
					"@executable_path/Frameworks",
				);
				MARKETING_VERSION = 1.0;
				PRODUCT_BUNDLE_IDENTIFIER = raimundo.desafio2;
				PRODUCT_NAME = "$(TARGET_NAME)";
				SWIFT_EMIT_LOC_STRINGS = YES;
				SWIFT_VERSION = 5.0;
				TARGETED_DEVICE_FAMILY = "1,2";
			};
			name = Release;
		};
/* End XCBuildConfiguration section */

/* Begin XCConfigurationList section */
		87D15B0E2CA2158B00841232 /* Build configuration list for PBXProject "desafio2" */ = {
			isa = XCConfigurationList;
			buildConfigurations = (
				87D15B1F2CA2158D00841232 /* Debug */,
				87D15B202CA2158D00841232 /* Release */,
			);
			defaultConfigurationIsVisible = 0;
			defaultConfigurationName = Release;
		};
		87D15B212CA2158D00841232 /* Build configuration list for PBXNativeTarget "desafio2" */ = {
			isa = XCConfigurationList;
			buildConfigurations = (
				87D15B222CA2158D00841232 /* Debug */,
				87D15B232CA2158D00841232 /* Release */,
			);
			defaultConfigurationIsVisible = 0;
			defaultConfigurationName = Release;
		};
/* End XCConfigurationList section */
	};
	rootObject = 87D15B0B2CA2158B00841232 /* Project object */;
}
